
Microsoft Visual Studio Solution File, Format Version 12.00
# Visual Studio Version 17
VisualStudioVersion = 17.3.32825.248
MinimumVisualStudioVersion = 10.0.40219.1
Project("{9A19103F-16F7-4668-BE54-9A1E7A4F7556}") = "WinApi.Kernel32", "Kernel32\WinApi.Kernel32\WinApi.Kernel32.csproj", "{BFA850FD-939A-490F-95C2-9C6F3221A08D}"
EndProject
Project("{9A19103F-16F7-4668-BE54-9A1E7A4F7556}") = "WinApi.User32", "WinApi.User32\WinApi.User32.csproj", "{8A95F1BC-83D9-479F-B763-BB34C68FC28D}"
EndProject
Project("{2150E333-8FDC-42A3-9474-1A3956D46DE8}") = "Элементы решения", "Элементы решения", "{B4CDED7C-3DCE-4701-82C3-5390486BC686}"
	ProjectSection(SolutionItems) = preProject
		.gitignore = .gitignore
		global.json = global.json
		LICENSE.txt = LICENSE.txt
		Package.nuspec = Package.nuspec
		README.md = README.md
		west4.png = west4.png
	EndProjectSection
EndProject
Project("{2150E333-8FDC-42A3-9474-1A3956D46DE8}") = "Примеры", "Примеры", "{36D591C7-65C7-A0D1-1CBC-10CDE441BDC8}"
EndProject
Project("{FAE04EC0-301F-11D3-BF4B-00C04F79EFBC}") = "Test_net8_001", "Test_net8_001\Test_net8_001.csproj", "{13F826B9-BFA8-4F7C-9CC6-AA407DADED5F}"
EndProject
Project("{FAE04EC0-301F-11D3-BF4B-00C04F79EFBC}") = "Test_netframework_002", "Test_netframework_002\Test_netframework_002.csproj", "{FE26D9F7-7E2B-4970-B062-94F4AD19280A}"
EndProject
Project("{8BC9CEB8-8B4A-11D0-8D11-00A0C91BC942}") = "Test_cpp_003", "Test_cpp_003\Test_cpp_003.vcxproj", "{4BEEA0C1-E1AF-43F7-8A41-0E6A290CC97F}"
EndProject
Project("{FAE04EC0-301F-11D3-BF4B-00C04F79EFBC}") = "Test_wpf_net_004", "Test_wpf_net_004\Test_wpf_net_004.csproj", "{39F565BF-062A-4037-BE6B-7C611F17092F}"
EndProject
Global
	GlobalSection(SolutionConfigurationPlatforms) = preSolution
		Debug|Any CPU = Debug|Any CPU
		Debug|x64 = Debug|x64
		Debug|x86 = Debug|x86
		Release|Any CPU = Release|Any CPU
		Release|x64 = Release|x64
		Release|x86 = Release|x86
	EndGlobalSection
	GlobalSection(ProjectConfigurationPlatforms) = postSolution
		{BFA850FD-939A-490F-95C2-9C6F3221A08D}.Debug|Any CPU.ActiveCfg = Debug|Any CPU
		{BFA850FD-939A-490F-95C2-9C6F3221A08D}.Debug|Any CPU.Build.0 = Debug|Any CPU
		{BFA850FD-939A-490F-95C2-9C6F3221A08D}.Debug|x64.ActiveCfg = Debug|Any CPU
		{BFA850FD-939A-490F-95C2-9C6F3221A08D}.Debug|x64.Build.0 = Debug|Any CPU
		{BFA850FD-939A-490F-95C2-9C6F3221A08D}.Debug|x86.ActiveCfg = Debug|Any CPU
		{BFA850FD-939A-490F-95C2-9C6F3221A08D}.Debug|x86.Build.0 = Debug|Any CPU
		{BFA850FD-939A-490F-95C2-9C6F3221A08D}.Release|Any CPU.ActiveCfg = Release|Any CPU
		{BFA850FD-939A-490F-95C2-9C6F3221A08D}.Release|Any CPU.Build.0 = Release|Any CPU
		{BFA850FD-939A-490F-95C2-9C6F3221A08D}.Release|x64.ActiveCfg = Release|Any CPU
		{BFA850FD-939A-490F-95C2-9C6F3221A08D}.Release|x64.Build.0 = Release|Any CPU
		{BFA850FD-939A-490F-95C2-9C6F3221A08D}.Release|x86.ActiveCfg = Release|Any CPU
		{BFA850FD-939A-490F-95C2-9C6F3221A08D}.Release|x86.Build.0 = Release|Any CPU
		{8A95F1BC-83D9-479F-B763-BB34C68FC28D}.Debug|Any CPU.ActiveCfg = Debug|Any CPU
		{8A95F1BC-83D9-479F-B763-BB34C68FC28D}.Debug|Any CPU.Build.0 = Debug|Any CPU
		{8A95F1BC-83D9-479F-B763-BB34C68FC28D}.Debug|x64.ActiveCfg = Debug|Any CPU
		{8A95F1BC-83D9-479F-B763-BB34C68FC28D}.Debug|x64.Build.0 = Debug|Any CPU
		{8A95F1BC-83D9-479F-B763-BB34C68FC28D}.Debug|x86.ActiveCfg = Debug|Any CPU
		{8A95F1BC-83D9-479F-B763-BB34C68FC28D}.Debug|x86.Build.0 = Debug|Any CPU
		{8A95F1BC-83D9-479F-B763-BB34C68FC28D}.Release|Any CPU.ActiveCfg = Release|Any CPU
		{8A95F1BC-83D9-479F-B763-BB34C68FC28D}.Release|Any CPU.Build.0 = Release|Any CPU
		{8A95F1BC-83D9-479F-B763-BB34C68FC28D}.Release|x64.ActiveCfg = Release|Any CPU
		{8A95F1BC-83D9-479F-B763-BB34C68FC28D}.Release|x64.Build.0 = Release|Any CPU
		{8A95F1BC-83D9-479F-B763-BB34C68FC28D}.Release|x86.ActiveCfg = Release|Any CPU
		{8A95F1BC-83D9-479F-B763-BB34C68FC28D}.Release|x86.Build.0 = Release|Any CPU
		{13F826B9-BFA8-4F7C-9CC6-AA407DADED5F}.Debug|Any CPU.ActiveCfg = Debug|Any CPU
		{13F826B9-BFA8-4F7C-9CC6-AA407DADED5F}.Debug|Any CPU.Build.0 = Debug|Any CPU
		{13F826B9-BFA8-4F7C-9CC6-AA407DADED5F}.Debug|x64.ActiveCfg = Debug|Any CPU
		{13F826B9-BFA8-4F7C-9CC6-AA407DADED5F}.Debug|x64.Build.0 = Debug|Any CPU
		{13F826B9-BFA8-4F7C-9CC6-AA407DADED5F}.Debug|x86.ActiveCfg = Debug|Any CPU
		{13F826B9-BFA8-4F7C-9CC6-AA407DADED5F}.Debug|x86.Build.0 = Debug|Any CPU
		{13F826B9-BFA8-4F7C-9CC6-AA407DADED5F}.Release|Any CPU.ActiveCfg = Release|Any CPU
		{13F826B9-BFA8-4F7C-9CC6-AA407DADED5F}.Release|Any CPU.Build.0 = Release|Any CPU
		{13F826B9-BFA8-4F7C-9CC6-AA407DADED5F}.Release|x64.ActiveCfg = Release|Any CPU
		{13F826B9-BFA8-4F7C-9CC6-AA407DADED5F}.Release|x64.Build.0 = Release|Any CPU
		{13F826B9-BFA8-4F7C-9CC6-AA407DADED5F}.Release|x86.ActiveCfg = Release|Any CPU
		{13F826B9-BFA8-4F7C-9CC6-AA407DADED5F}.Release|x86.Build.0 = Release|Any CPU
		{FE26D9F7-7E2B-4970-B062-94F4AD19280A}.Debug|Any CPU.ActiveCfg = Debug|Any CPU
		{FE26D9F7-7E2B-4970-B062-94F4AD19280A}.Debug|Any CPU.Build.0 = Debug|Any CPU
		{FE26D9F7-7E2B-4970-B062-94F4AD19280A}.Debug|x64.ActiveCfg = Debug|Any CPU
		{FE26D9F7-7E2B-4970-B062-94F4AD19280A}.Debug|x64.Build.0 = Debug|Any CPU
		{FE26D9F7-7E2B-4970-B062-94F4AD19280A}.Debug|x86.ActiveCfg = Debug|Any CPU
		{FE26D9F7-7E2B-4970-B062-94F4AD19280A}.Debug|x86.Build.0 = Debug|Any CPU
		{FE26D9F7-7E2B-4970-B062-94F4AD19280A}.Release|Any CPU.ActiveCfg = Release|Any CPU
		{FE26D9F7-7E2B-4970-B062-94F4AD19280A}.Release|Any CPU.Build.0 = Release|Any CPU
		{FE26D9F7-7E2B-4970-B062-94F4AD19280A}.Release|x64.ActiveCfg = Release|Any CPU
		{FE26D9F7-7E2B-4970-B062-94F4AD19280A}.Release|x64.Build.0 = Release|Any CPU
		{FE26D9F7-7E2B-4970-B062-94F4AD19280A}.Release|x86.ActiveCfg = Release|Any CPU
		{FE26D9F7-7E2B-4970-B062-94F4AD19280A}.Release|x86.Build.0 = Release|Any CPU
		{4BEEA0C1-E1AF-43F7-8A41-0E6A290CC97F}.Debug|Any CPU.ActiveCfg = Debug|x64
		{4BEEA0C1-E1AF-43F7-8A41-0E6A290CC97F}.Debug|Any CPU.Build.0 = Debug|x64
		{4BEEA0C1-E1AF-43F7-8A41-0E6A290CC97F}.Debug|x64.ActiveCfg = Debug|x64
		{4BEEA0C1-E1AF-43F7-8A41-0E6A290CC97F}.Debug|x64.Build.0 = Debug|x64
		{4BEEA0C1-E1AF-43F7-8A41-0E6A290CC97F}.Debug|x86.ActiveCfg = Debug|Win32
		{4BEEA0C1-E1AF-43F7-8A41-0E6A290CC97F}.Debug|x86.Build.0 = Debug|Win32
		{4BEEA0C1-E1AF-43F7-8A41-0E6A290CC97F}.Release|Any CPU.ActiveCfg = Release|x64
		{4BEEA0C1-E1AF-43F7-8A41-0E6A290CC97F}.Release|Any CPU.Build.0 = Release|x64
		{4BEEA0C1-E1AF-43F7-8A41-0E6A290CC97F}.Release|x64.ActiveCfg = Release|x64
		{4BEEA0C1-E1AF-43F7-8A41-0E6A290CC97F}.Release|x64.Build.0 = Release|x64
		{4BEEA0C1-E1AF-43F7-8A41-0E6A290CC97F}.Release|x86.ActiveCfg = Release|Win32
		{4BEEA0C1-E1AF-43F7-8A41-0E6A290CC97F}.Release|x86.Build.0 = Release|Win32
		{39F565BF-062A-4037-BE6B-7C611F17092F}.Debug|Any CPU.ActiveCfg = Debug|Any CPU
		{39F565BF-062A-4037-BE6B-7C611F17092F}.Debug|Any CPU.Build.0 = Debug|Any CPU
		{39F565BF-062A-4037-BE6B-7C611F17092F}.Debug|x64.ActiveCfg = Debug|Any CPU
		{39F565BF-062A-4037-BE6B-7C611F17092F}.Debug|x64.Build.0 = Debug|Any CPU
		{39F565BF-062A-4037-BE6B-7C611F17092F}.Debug|x86.ActiveCfg = Debug|Any CPU
		{39F565BF-062A-4037-BE6B-7C611F17092F}.Debug|x86.Build.0 = Debug|Any CPU
		{39F565BF-062A-4037-BE6B-7C611F17092F}.Release|Any CPU.ActiveCfg = Release|Any CPU
		{39F565BF-062A-4037-BE6B-7C611F17092F}.Release|Any CPU.Build.0 = Release|Any CPU
		{39F565BF-062A-4037-BE6B-7C611F17092F}.Release|x64.ActiveCfg = Release|Any CPU
		{39F565BF-062A-4037-BE6B-7C611F17092F}.Release|x64.Build.0 = Release|Any CPU
		{39F565BF-062A-4037-BE6B-7C611F17092F}.Release|x86.ActiveCfg = Release|Any CPU
		{39F565BF-062A-4037-BE6B-7C611F17092F}.Release|x86.Build.0 = Release|Any CPU
	EndGlobalSection
	GlobalSection(SolutionProperties) = preSolution
		HideSolutionNode = FALSE
	EndGlobalSection
	GlobalSection(NestedProjects) = preSolution
		{13F826B9-BFA8-4F7C-9CC6-AA407DADED5F} = {36D591C7-65C7-A0D1-1CBC-10CDE441BDC8}
		{FE26D9F7-7E2B-4970-B062-94F4AD19280A} = {36D591C7-65C7-A0D1-1CBC-10CDE441BDC8}
		{4BEEA0C1-E1AF-43F7-8A41-0E6A290CC97F} = {36D591C7-65C7-A0D1-1CBC-10CDE441BDC8}
		{39F565BF-062A-4037-BE6B-7C611F17092F} = {36D591C7-65C7-A0D1-1CBC-10CDE441BDC8}
	EndGlobalSection
	GlobalSection(ExtensibilityGlobals) = postSolution
		SolutionGuid = {B860D28E-390C-4473-A606-7F7672781412}
	EndGlobalSection
EndGlobal
