
Microsoft Visual Studio Solution File, Format Version 12.00
# Visual Studio Version 17
VisualStudioVersion = 17.3.32825.248
MinimumVisualStudioVersion = 10.0.40219.1
Project("{9A19103F-16F7-4668-BE54-9A1E7A4F7556}") = "WinApi.Kernel32", "Kernel32\WinApi.Kernel32\WinApi.Kernel32.csproj", "{BFA850FD-939A-490F-95C2-9C6F3221A08D}"
EndProject
Project("{9A19103F-16F7-4668-BE54-9A1E7A4F7556}") = "WinApi.User32", "WinApi.User32\WinApi.User32.csproj", "{8A95F1BC-83D9-479F-B763-BB34C68FC28D}"
EndProject
Project("{2150E333-8FDC-42A3-9474-1A3956D46DE8}") = "Элементы решения", "Элементы решения", "{B4CDED7C-3DCE-4701-82C3-5390486BC686}"
	ProjectSection(SolutionItems) = preProject
		.gitignore = .gitignore
		global.json = global.json
		LICENSE.txt = LICENSE.txt
		README.md = README.md
	EndProjectSection
EndProject
Global
	GlobalSection(SolutionConfigurationPlatforms) = preSolution
		Debug|Any CPU = Debug|Any CPU
		Debug|x64 = Debug|x64
		Debug|x86 = Debug|x86
		Release|Any CPU = Release|Any CPU
		Release|x64 = Release|x64
		Release|x86 = Release|x86
	EndGlobalSection
	GlobalSection(ProjectConfigurationPlatforms) = postSolution
		{BFA850FD-939A-490F-95C2-9C6F3221A08D}.Debug|Any CPU.ActiveCfg = Debug|Any CPU
		{BFA850FD-939A-490F-95C2-9C6F3221A08D}.Debug|Any CPU.Build.0 = Debug|Any CPU
		{BFA850FD-939A-490F-95C2-9C6F3221A08D}.Debug|x64.ActiveCfg = Debug|Any CPU
		{BFA850FD-939A-490F-95C2-9C6F3221A08D}.Debug|x64.Build.0 = Debug|Any CPU
		{BFA850FD-939A-490F-95C2-9C6F3221A08D}.Debug|x86.ActiveCfg = Debug|Any CPU
		{BFA850FD-939A-490F-95C2-9C6F3221A08D}.Debug|x86.Build.0 = Debug|Any CPU
		{BFA850FD-939A-490F-95C2-9C6F3221A08D}.Release|Any CPU.ActiveCfg = Release|Any CPU
		{BFA850FD-939A-490F-95C2-9C6F3221A08D}.Release|Any CPU.Build.0 = Release|Any CPU
		{BFA850FD-939A-490F-95C2-9C6F3221A08D}.Release|x64.ActiveCfg = Release|Any CPU
		{BFA850FD-939A-490F-95C2-9C6F3221A08D}.Release|x64.Build.0 = Release|Any CPU
		{BFA850FD-939A-490F-95C2-9C6F3221A08D}.Release|x86.ActiveCfg = Release|Any CPU
		{BFA850FD-939A-490F-95C2-9C6F3221A08D}.Release|x86.Build.0 = Release|Any CPU
		{8A95F1BC-83D9-479F-B763-BB34C68FC28D}.Debug|Any CPU.ActiveCfg = Debug|Any CPU
		{8A95F1BC-83D9-479F-B763-BB34C68FC28D}.Debug|Any CPU.Build.0 = Debug|Any CPU
		{8A95F1BC-83D9-479F-B763-BB34C68FC28D}.Debug|x64.ActiveCfg = Debug|Any CPU
		{8A95F1BC-83D9-479F-B763-BB34C68FC28D}.Debug|x64.Build.0 = Debug|Any CPU
		{8A95F1BC-83D9-479F-B763-BB34C68FC28D}.Debug|x86.ActiveCfg = Debug|Any CPU
		{8A95F1BC-83D9-479F-B763-BB34C68FC28D}.Debug|x86.Build.0 = Debug|Any CPU
		{8A95F1BC-83D9-479F-B763-BB34C68FC28D}.Release|Any CPU.ActiveCfg = Release|Any CPU
		{8A95F1BC-83D9-479F-B763-BB34C68FC28D}.Release|Any CPU.Build.0 = Release|Any CPU
		{8A95F1BC-83D9-479F-B763-BB34C68FC28D}.Release|x64.ActiveCfg = Release|Any CPU
		{8A95F1BC-83D9-479F-B763-BB34C68FC28D}.Release|x64.Build.0 = Release|Any CPU
		{8A95F1BC-83D9-479F-B763-BB34C68FC28D}.Release|x86.ActiveCfg = Release|Any CPU
		{8A95F1BC-83D9-479F-B763-BB34C68FC28D}.Release|x86.Build.0 = Release|Any CPU
	EndGlobalSection
	GlobalSection(SolutionProperties) = preSolution
		HideSolutionNode = FALSE
	EndGlobalSection
	GlobalSection(ExtensibilityGlobals) = postSolution
		SolutionGuid = {B860D28E-390C-4473-A606-7F7672781412}
	EndGlobalSection
EndGlobal
